
Microsoft Visual Studio Solution File, Format Version 12.00
# Visual Studio Version 16
VisualStudioVersion = 16.0.32106.194
MinimumVisualStudioVersion = 10.0.40219.1
Project("{FAE04EC0-301F-11D3-BF4B-00C04F79EFBC}") = "HouseWare", "HouseWare\HouseWare.csproj", "{B3E9AFE5-4091-4616-A038-CA10B49A225C}"
EndProject
Global
	GlobalSection(SolutionConfigurationPlatforms) = preSolution
		Debug|Any CPU = Debug|Any CPU
		Release|Any CPU = Release|Any CPU
	EndGlobalSection
	GlobalSection(ProjectConfigurationPlatforms) = postSolution
		{B3E9AFE5-4091-4616-A038-CA10B49A225C}.Debug|Any CPU.ActiveCfg = Debug|Any CPU
		{B3E9AFE5-4091-4616-A038-CA10B49A225C}.Debug|Any CPU.Build.0 = Debug|Any CPU
		{B3E9AFE5-4091-4616-A038-CA10B49A225C}.Release|Any CPU.ActiveCfg = Release|Any CPU
		{B3E9AFE5-4091-4616-A038-CA10B49A225C}.Release|Any CPU.Build.0 = Release|Any CPU
	EndGlobalSection
	GlobalSection(SolutionProperties) = preSolution
		HideSolutionNode = FALSE
	EndGlobalSection
	GlobalSection(ExtensibilityGlobals) = postSolution
		SolutionGuid = {CFF6DA79-E28B-4110-89CF-04FC757E947B}
	EndGlobalSection
EndGlobal
